
Microsoft Visual Studio Solution File, Format Version 12.00
# Visual Studio Version 16
VisualStudioVersion = 16.0.30225.117
MinimumVisualStudioVersion = 10.0.40219.1
Project("{FAE04EC0-301F-11D3-BF4B-00C04F79EFBC}") = "schedule", "schedule\schedule.csproj", "{769727C6-DA84-4746-8A61-2F816ED86665}"
EndProject
Global
	GlobalSection(SolutionConfigurationPlatforms) = preSolution
		Debug|Any CPU = Debug|Any CPU
		Release|Any CPU = Release|Any CPU
	EndGlobalSection
	GlobalSection(ProjectConfigurationPlatforms) = postSolution
		{769727C6-DA84-4746-8A61-2F816ED86665}.Debug|Any CPU.ActiveCfg = Debug|Any CPU
		{769727C6-DA84-4746-8A61-2F816ED86665}.Debug|Any CPU.Build.0 = Debug|Any CPU
		{769727C6-DA84-4746-8A61-2F816ED86665}.Release|Any CPU.ActiveCfg = Release|Any CPU
		{769727C6-DA84-4746-8A61-2F816ED86665}.Release|Any CPU.Build.0 = Release|Any CPU
	EndGlobalSection
	GlobalSection(SolutionProperties) = preSolution
		HideSolutionNode = FALSE
	EndGlobalSection
	GlobalSection(ExtensibilityGlobals) = postSolution
		SolutionGuid = {B02277E2-4224-4648-8505-596A4478BEE3}
	EndGlobalSection
EndGlobal
